// !$*UTF8*$!
{
	archiveVersion = 1;
	classes = {
	};
	objectVersion = 46;
	objects = {

/* Begin PBXBuildFile section */
		157B52BD1F14543A00FD29C5 /* AddItemTableViewController.swift in Sources */ = {isa = PBXBuildFile; fileRef = 157B52BC1F14543A00FD29C5 /* AddItemTableViewController.swift */; };
		157B52C11F145E6100FD29C5 /* AddItemTableViewControllerDelegate.swift in Sources */ = {isa = PBXBuildFile; fileRef = 157B52C01F145E6100FD29C5 /* AddItemTableViewControllerDelegate.swift */; };
		15EB7F511F14466800A46820 /* AppDelegate.swift in Sources */ = {isa = PBXBuildFile; fileRef = 15EB7F501F14466800A46820 /* AppDelegate.swift */; };
		15EB7F531F14466800A46820 /* BucketListViewController.swift in Sources */ = {isa = PBXBuildFile; fileRef = 15EB7F521F14466800A46820 /* BucketListViewController.swift */; };
		15EB7F561F14466800A46820 /* Main.storyboard in Resources */ = {isa = PBXBuildFile; fileRef = 15EB7F541F14466800A46820 /* Main.storyboard */; };
		15EB7F591F14466800A46820 /* BucketList.xcdatamodeld in Sources */ = {isa = PBXBuildFile; fileRef = 15EB7F571F14466800A46820 /* BucketList.xcdatamodeld */; };
		15EB7F5B1F14466800A46820 /* Assets.xcassets in Resources */ = {isa = PBXBuildFile; fileRef = 15EB7F5A1F14466800A46820 /* Assets.xcassets */; };
		15EB7F5E1F14466800A46820 /* LaunchScreen.storyboard in Resources */ = {isa = PBXBuildFile; fileRef = 15EB7F5C1F14466800A46820 /* LaunchScreen.storyboard */; };
/* End PBXBuildFile section */

/* Begin PBXFileReference section */
		157B52BC1F14543A00FD29C5 /* AddItemTableViewController.swift */ = {isa = PBXFileReference; fileEncoding = 4; lastKnownFileType = sourcecode.swift; path = AddItemTableViewController.swift; sourceTree = "<group>"; };
		157B52C01F145E6100FD29C5 /* AddItemTableViewControllerDelegate.swift */ = {isa = PBXFileReference; fileEncoding = 4; lastKnownFileType = sourcecode.swift; path = AddItemTableViewControllerDelegate.swift; sourceTree = "<group>"; };
		15EB7F4D1F14466800A46820 /* BucketList.app */ = {isa = PBXFileReference; explicitFileType = wrapper.application; includeInIndex = 0; path = BucketList.app; sourceTree = BUILT_PRODUCTS_DIR; };
		15EB7F501F14466800A46820 /* AppDelegate.swift */ = {isa = PBXFileReference; lastKnownFileType = sourcecode.swift; path = AppDelegate.swift; sourceTree = "<group>"; };
		15EB7F521F14466800A46820 /* BucketListViewController.swift */ = {isa = PBXFileReference; lastKnownFileType = sourcecode.swift; path = BucketListViewController.swift; sourceTree = "<group>"; };
		15EB7F551F14466800A46820 /* Base */ = {isa = PBXFileReference; lastKnownFileType = file.storyboard; name = Base; path = Base.lproj/Main.storyboard; sourceTree = "<group>"; };
		15EB7F581F14466800A46820 /* BucketList.xcdatamodel */ = {isa = PBXFileReference; lastKnownFileType = wrapper.xcdatamodel; path = BucketList.xcdatamodel; sourceTree = "<group>"; };
		15EB7F5A1F14466800A46820 /* Assets.xcassets */ = {isa = PBXFileReference; lastKnownFileType = folder.assetcatalog; path = Assets.xcassets; sourceTree = "<group>"; };
		15EB7F5D1F14466800A46820 /* Base */ = {isa = PBXFileReference; lastKnownFileType = file.storyboard; name = Base; path = Base.lproj/LaunchScreen.storyboard; sourceTree = "<group>"; };
		15EB7F5F1F14466800A46820 /* Info.plist */ = {isa = PBXFileReference; lastKnownFileType = text.plist.xml; path = Info.plist; sourceTree = "<group>"; };
/* End PBXFileReference section */

/* Begin PBXFrameworksBuildPhase section */
		15EB7F4A1F14466800A46820 /* Frameworks */ = {
			isa = PBXFrameworksBuildPhase;
			buildActionMask = 2147483647;
			files = (
			);
			runOnlyForDeploymentPostprocessing = 0;
		};
/* End PBXFrameworksBuildPhase section */

/* Begin PBXGroup section */
		15EB7F441F14466800A46820 = {
			isa = PBXGroup;
			children = (
				15EB7F4F1F14466800A46820 /* BucketList */,
				15EB7F4E1F14466800A46820 /* Products */,
			);
			sourceTree = "<group>";
		};
		15EB7F4E1F14466800A46820 /* Products */ = {
			isa = PBXGroup;
			children = (
				15EB7F4D1F14466800A46820 /* BucketList.app */,
			);
			name = Products;
			sourceTree = "<group>";
		};
		15EB7F4F1F14466800A46820 /* BucketList */ = {
			isa = PBXGroup;
			children = (
				15EB7F501F14466800A46820 /* AppDelegate.swift */,
				15EB7F521F14466800A46820 /* BucketListViewController.swift */,
				157B52BC1F14543A00FD29C5 /* AddItemTableViewController.swift */,
				15EB7F541F14466800A46820 /* Main.storyboard */,
				157B52C01F145E6100FD29C5 /* AddItemTableViewControllerDelegate.swift */,
				15EB7F5A1F14466800A46820 /* Assets.xcassets */,
				15EB7F5C1F14466800A46820 /* LaunchScreen.storyboard */,
				15EB7F5F1F14466800A46820 /* Info.plist */,
				15EB7F571F14466800A46820 /* BucketList.xcdatamodeld */,
			);
			path = BucketList;
			sourceTree = "<group>";
		};
/* End PBXGroup section */

/* Begin PBXNativeTarget section */
		15EB7F4C1F14466800A46820 /* BucketList */ = {
			isa = PBXNativeTarget;
			buildConfigurationList = 15EB7F621F14466800A46820 /* Build configuration list for PBXNativeTarget "BucketList" */;
			buildPhases = (
				15EB7F491F14466800A46820 /* Sources */,
				15EB7F4A1F14466800A46820 /* Frameworks */,
				15EB7F4B1F14466800A46820 /* Resources */,
			);
			buildRules = (
			);
			dependencies = (
			);
			name = BucketList;
			productName = BucketList;
			productReference = 15EB7F4D1F14466800A46820 /* BucketList.app */;
			productType = "com.apple.product-type.application";
		};
/* End PBXNativeTarget section */

/* Begin PBXProject section */
		15EB7F451F14466800A46820 /* Project object */ = {
			isa = PBXProject;
			attributes = {
				LastSwiftUpdateCheck = 0830;
				LastUpgradeCheck = 0830;
				ORGANIZATIONNAME = RD;
				TargetAttributes = {
					15EB7F4C1F14466800A46820 = {
						CreatedOnToolsVersion = 8.3;
						DevelopmentTeam = B66A92GL98;
						ProvisioningStyle = Automatic;
					};
				};
			};
			buildConfigurationList = 15EB7F481F14466800A46820 /* Build configuration list for PBXProject "BucketList" */;
			compatibilityVersion = "Xcode 3.2";
			developmentRegion = English;
			hasScannedForEncodings = 0;
			knownRegions = (
				en,
				Base,
			);
			mainGroup = 15EB7F441F14466800A46820;
			productRefGroup = 15EB7F4E1F14466800A46820 /* Products */;
			projectDirPath = "";
			projectRoot = "";
			targets = (
				15EB7F4C1F14466800A46820 /* BucketList */,
			);
		};
/* End PBXProject section */

/* Begin PBXResourcesBuildPhase section */
		15EB7F4B1F14466800A46820 /* Resources */ = {
			isa = PBXResourcesBuildPhase;
			buildActionMask = 2147483647;
			files = (
				15EB7F5E1F14466800A46820 /* LaunchScreen.storyboard in Resources */,
				15EB7F5B1F14466800A46820 /* Assets.xcassets in Resources */,
				15EB7F561F14466800A46820 /* Main.storyboard in Resources */,
			);
			runOnlyForDeploymentPostprocessing = 0;
		};
/* End PBXResourcesBuildPhase section */

/* Begin PBXSourcesBuildPhase section */
		15EB7F491F14466800A46820 /* Sources */ = {
			isa = PBXSourcesBuildPhase;
			buildActionMask = 2147483647;
			files = (
				157B52BD1F14543A00FD29C5 /* AddItemTableViewController.swift in Sources */,
				15EB7F531F14466800A46820 /* BucketListViewController.swift in Sources */,
				15EB7F591F14466800A46820 /* BucketList.xcdatamodeld in Sources */,
				15EB7F511F14466800A46820 /* AppDelegate.swift in Sources */,
				157B52C11F145E6100FD29C5 /* AddItemTableViewControllerDelegate.swift in Sources */,
			);
			runOnlyForDeploymentPostprocessing = 0;
		};
/* End PBXSourcesBuildPhase section */

/* Begin PBXVariantGroup section */
		15EB7F541F14466800A46820 /* Main.storyboard */ = {
			isa = PBXVariantGroup;
			children = (
				15EB7F551F14466800A46820 /* Base */,
			);
			name = Main.storyboard;
			sourceTree = "<group>";
		};
		15EB7F5C1F14466800A46820 /* LaunchScreen.storyboard */ = {
			isa = PBXVariantGroup;
			children = (
				15EB7F5D1F14466800A46820 /* Base */,
			);
			name = LaunchScreen.storyboard;
			sourceTree = "<group>";
		};
/* End PBXVariantGroup section */

/* Begin XCBuildConfiguration section */
		15EB7F601F14466800A46820 /* Debug */ = {
			isa = XCBuildConfiguration;
			buildSettings = {
				ALWAYS_SEARCH_USER_PATHS = NO;
				CLANG_ANALYZER_NONNULL = YES;
				CLANG_ANALYZER_NUMBER_OBJECT_CONVERSION = YES_AGGRESSIVE;
				CLANG_CXX_LANGUAGE_STANDARD = "gnu++0x";
				CLANG_CXX_LIBRARY = "libc++";
				CLANG_ENABLE_MODULES = YES;
				CLANG_ENABLE_OBJC_ARC = YES;
				CLANG_WARN_BOOL_CONVERSION = YES;
				CLANG_WARN_CONSTANT_CONVERSION = YES;
				CLANG_WARN_DIRECT_OBJC_ISA_USAGE = YES_ERROR;
				CLANG_WARN_DOCUMENTATION_COMMENTS = YES;
				CLANG_WARN_EMPTY_BODY = YES;
				CLANG_WARN_ENUM_CONVERSION = YES;
				CLANG_WARN_INFINITE_RECURSION = YES;
				CLANG_WARN_INT_CONVERSION = YES;
				CLANG_WARN_OBJC_ROOT_CLASS = YES_ERROR;
				CLANG_WARN_SUSPICIOUS_MOVE = YES;
				CLANG_WARN_UNREACHABLE_CODE = YES;
				CLANG_WARN__DUPLICATE_METHOD_MATCH = YES;
				"CODE_SIGN_IDENTITY[sdk=iphoneos*]" = "iPhone Developer";
				COPY_PHASE_STRIP = NO;
				DEBUG_INFORMATION_FORMAT = dwarf;
				ENABLE_STRICT_OBJC_MSGSEND = YES;
				ENABLE_TESTABILITY = YES;
				GCC_C_LANGUAGE_STANDARD = gnu99;
				GCC_DYNAMIC_NO_PIC = NO;
				GCC_NO_COMMON_BLOCKS = YES;
				GCC_OPTIMIZATION_LEVEL = 0;
				GCC_PREPROCESSOR_DEFINITIONS = (
					"DEBUG=1",
					"$(inherited)",
				);
				GCC_WARN_64_TO_32_BIT_CONVERSION = YES;
				GCC_WARN_ABOUT_RETURN_TYPE = YES_ERROR;
				GCC_WARN_UNDECLARED_SELECTOR = YES;
				GCC_WARN_UNINITIALIZED_AUTOS = YES_AGGRESSIVE;
				GCC_WARN_UNUSED_FUNCTION = YES;
				GCC_WARN_UNUSED_VARIABLE = YES;
				IPHONEOS_DEPLOYMENT_TARGET = 10.3;
				MTL_ENABLE_DEBUG_INFO = YES;
				ONLY_ACTIVE_ARCH = YES;
				SDKROOT = iphoneos;
				SWIFT_ACTIVE_COMPILATION_CONDITIONS = DEBUG;
				SWIFT_OPTIMIZATION_LEVEL = "-Onone";
				TARGETED_DEVICE_FAMILY = "1,2";
			};
			name = Debug;
		};
		15EB7F611F14466800A46820 /* Release */ = {
			isa = XCBuildConfiguration;
			buildSettings = {
				ALWAYS_SEARCH_USER_PATHS = NO;
				CLANG_ANALYZER_NONNULL = YES;
				CLANG_ANALYZER_NUMBER_OBJECT_CONVERSION = YES_AGGRESSIVE;
				CLANG_CXX_LANGUAGE_STANDARD = "gnu++0x";
				CLANG_CXX_LIBRARY = "libc++";
				CLANG_ENABLE_MODULES = YES;
				CLANG_ENABLE_OBJC_ARC = YES;
				CLANG_WARN_BOOL_CONVERSION = YES;
				CLANG_WARN_CONSTANT_CONVERSION = YES;
				CLANG_WARN_DIRECT_OBJC_ISA_USAGE = YES_ERROR;
				CLANG_WARN_DOCUMENTATION_COMMENTS = YES;
				CLANG_WARN_EMPTY_BODY = YES;
				CLANG_WARN_ENUM_CONVERSION = YES;
				CLANG_WARN_INFINITE_RECURSION = YES;
				CLANG_WARN_INT_CONVERSION = YES;
				CLANG_WARN_OBJC_ROOT_CLASS = YES_ERROR;
				CLANG_WARN_SUSPICIOUS_MOVE = YES;
				CLANG_WARN_UNREACHABLE_CODE = YES;
				CLANG_WARN__DUPLICATE_METHOD_MATCH = YES;
				"CODE_SIGN_IDENTITY[sdk=iphoneos*]" = "iPhone Developer";
				COPY_PHASE_STRIP = NO;
				DEBUG_INFORMATION_FORMAT = "dwarf-with-dsym";
				ENABLE_NS_ASSERTIONS = NO;
				ENABLE_STRICT_OBJC_MSGSEND = YES;
				GCC_C_LANGUAGE_STANDARD = gnu99;
				GCC_NO_COMMON_BLOCKS = YES;
				GCC_WARN_64_TO_32_BIT_CONVERSION = YES;
				GCC_WARN_ABOUT_RETURN_TYPE = YES_ERROR;
				GCC_WARN_UNDECLARED_SELECTOR = YES;
				GCC_WARN_UNINITIALIZED_AUTOS = YES_AGGRESSIVE;
				GCC_WARN_UNUSED_FUNCTION = YES;
				GCC_WARN_UNUSED_VARIABLE = YES;
				IPHONEOS_DEPLOYMENT_TARGET = 10.3;
				MTL_ENABLE_DEBUG_INFO = NO;
				SDKROOT = iphoneos;
				SWIFT_OPTIMIZATION_LEVEL = "-Owholemodule";
				TARGETED_DEVICE_FAMILY = "1,2";
				VALIDATE_PRODUCT = YES;
			};
			name = Release;
		};
		15EB7F631F14466800A46820 /* Debug */ = {
			isa = XCBuildConfiguration;
			buildSettings = {
				ASSETCATALOG_COMPILER_APPICON_NAME = AppIcon;
				DEVELOPMENT_TEAM = B66A92GL98;
				INFOPLIST_FILE = BucketList/Info.plist;
				LD_RUNPATH_SEARCH_PATHS = "$(inherited) @executable_path/Frameworks";
				PRODUCT_BUNDLE_IDENTIFIER = RD.BucketList;
				PRODUCT_NAME = "$(TARGET_NAME)";
				SWIFT_VERSION = 3.0;
			};
			name = Debug;
		};
		15EB7F641F14466800A46820 /* Release */ = {
			isa = XCBuildConfiguration;
			buildSettings = {
				ASSETCATALOG_COMPILER_APPICON_NAME = AppIcon;
				DEVELOPMENT_TEAM = B66A92GL98;
				INFOPLIST_FILE = BucketList/Info.plist;
				LD_RUNPATH_SEARCH_PATHS = "$(inherited) @executable_path/Frameworks";
				PRODUCT_BUNDLE_IDENTIFIER = RD.BucketList;
				PRODUCT_NAME = "$(TARGET_NAME)";
				SWIFT_VERSION = 3.0;
			};
			name = Release;
		};
/* End XCBuildConfiguration section */

/* Begin XCConfigurationList section */
		15EB7F481F14466800A46820 /* Build configuration list for PBXProject "BucketList" */ = {
			isa = XCConfigurationList;
			buildConfigurations = (
				15EB7F601F14466800A46820 /* Debug */,
				15EB7F611F14466800A46820 /* Release */,
			);
			defaultConfigurationIsVisible = 0;
			defaultConfigurationName = Release;
		};
		15EB7F621F14466800A46820 /* Build configuration list for PBXNativeTarget "BucketList" */ = {
			isa = XCConfigurationList;
			buildConfigurations = (
				15EB7F631F14466800A46820 /* Debug */,
				15EB7F641F14466800A46820 /* Release */,
			);
			defaultConfigurationIsVisible = 0;
			defaultConfigurationName = Release;
		};
/* End XCConfigurationList section */

/* Begin XCVersionGroup section */
		15EB7F571F14466800A46820 /* BucketList.xcdatamodeld */ = {
			isa = XCVersionGroup;
			children = (
				15EB7F581F14466800A46820 /* BucketList.xcdatamodel */,
			);
			currentVersion = 15EB7F581F14466800A46820 /* BucketList.xcdatamodel */;
			path = BucketList.xcdatamodeld;
			sourceTree = "<group>";
			versionGroupType = wrapper.xcdatamodel;
		};
/* End XCVersionGroup section */
	};
	rootObject = 15EB7F451F14466800A46820 /* Project object */;
}
